// !$*UTF8*$!
{
	archiveVersion = 1;
	classes = {
	};
	objectVersion = 51;
	objects = {

/* Begin PBXBuildFile section */
		04F88BBE5245B3BA699D6953 /* Pods_stockMatch.framework in Frameworks */ = {isa = PBXBuildFile; fileRef = DF014EFBE222B06A60E5E118 /* Pods_stockMatch.framework */; };
		9B0A0F0DEECD6CA4D1E0A596 /* Pods_stockMatchTests.framework in Frameworks */ = {isa = PBXBuildFile; fileRef = 6ADA925EBC111CD957137C04 /* Pods_stockMatchTests.framework */; };
		C105AED523016AAA00C6235E /* AppDelegate.m in Sources */ = {isa = PBXBuildFile; fileRef = C105AED423016AAA00C6235E /* AppDelegate.m */; };
		C105AEDB23016AAA00C6235E /* Main.storyboard in Resources */ = {isa = PBXBuildFile; fileRef = C105AED923016AAA00C6235E /* Main.storyboard */; };
		C105AEDD23016AAB00C6235E /* Assets.xcassets in Resources */ = {isa = PBXBuildFile; fileRef = C105AEDC23016AAB00C6235E /* Assets.xcassets */; };
		C105AEE023016AAB00C6235E /* LaunchScreen.storyboard in Resources */ = {isa = PBXBuildFile; fileRef = C105AEDE23016AAB00C6235E /* LaunchScreen.storyboard */; };
		C105AEE323016AAB00C6235E /* main.m in Sources */ = {isa = PBXBuildFile; fileRef = C105AEE223016AAB00C6235E /* main.m */; };
		C105AEED23016AAB00C6235E /* stockMatchTests.m in Sources */ = {isa = PBXBuildFile; fileRef = C105AEEC23016AAB00C6235E /* stockMatchTests.m */; };
		C105AEF823016AAB00C6235E /* stockMatchUITests.m in Sources */ = {isa = PBXBuildFile; fileRef = C105AEF723016AAB00C6235E /* stockMatchUITests.m */; };
		C105AF15230171E600C6235E /* YSMTabBarController.m in Sources */ = {isa = PBXBuildFile; fileRef = C105AF14230171E600C6235E /* YSMTabBarController.m */; };
		C105AF182301732500C6235E /* YSMHomeController.m in Sources */ = {isa = PBXBuildFile; fileRef = C105AF172301732500C6235E /* YSMHomeController.m */; };
		C105AF212301737400C6235E /* YSMNavigationController.m in Sources */ = {isa = PBXBuildFile; fileRef = C105AF202301737400C6235E /* YSMNavigationController.m */; };
		C105AF24230173C700C6235E /* YSMBaseController.m in Sources */ = {isa = PBXBuildFile; fileRef = C105AF23230173C700C6235E /* YSMBaseController.m */; };
		C105AF28230175CB00C6235E /* UIColor+tool.m in Sources */ = {isa = PBXBuildFile; fileRef = C105AF27230175CB00C6235E /* UIColor+tool.m */; };
		C105AF3723025F6B00C6235E /* getOnCommonTools.m in Sources */ = {isa = PBXBuildFile; fileRef = C105AF3023025F6B00C6235E /* getOnCommonTools.m */; };
		C105AF3823025F6B00C6235E /* UIView+Cate.m in Sources */ = {isa = PBXBuildFile; fileRef = C105AF3323025F6B00C6235E /* UIView+Cate.m */; };
		C105AF3923025F6B00C6235E /* UIView+Toast.m in Sources */ = {isa = PBXBuildFile; fileRef = C105AF3423025F6B00C6235E /* UIView+Toast.m */; };
		C105AF3E23025FE400C6235E /* getOnNetUrlBuilder.m in Sources */ = {isa = PBXBuildFile; fileRef = C105AF3A23025FE400C6235E /* getOnNetUrlBuilder.m */; };
		C105AF3F23025FE400C6235E /* getOnNetManager.m in Sources */ = {isa = PBXBuildFile; fileRef = C105AF3C23025FE400C6235E /* getOnNetManager.m */; };
		C105AF432302AB2B00C6235E /* YSMCarouselView.m in Sources */ = {isa = PBXBuildFile; fileRef = C105AF422302AB2B00C6235E /* YSMCarouselView.m */; };
		C105AF502302BC1A00C6235E /* img9.jpg in Resources */ = {isa = PBXBuildFile; fileRef = C105AF462302BC1A00C6235E /* img9.jpg */; };
		C105AF512302BC1A00C6235E /* img8.jpg in Resources */ = {isa = PBXBuildFile; fileRef = C105AF472302BC1A00C6235E /* img8.jpg */; };
		C105AF522302BC1A00C6235E /* img5.jpg in Resources */ = {isa = PBXBuildFile; fileRef = C105AF482302BC1A00C6235E /* img5.jpg */; };
		C105AF532302BC1A00C6235E /* img4.jpg in Resources */ = {isa = PBXBuildFile; fileRef = C105AF492302BC1A00C6235E /* img4.jpg */; };
		C105AF542302BC1A00C6235E /* img6.jpg in Resources */ = {isa = PBXBuildFile; fileRef = C105AF4A2302BC1A00C6235E /* img6.jpg */; };
		C105AF552302BC1A00C6235E /* img7.jpg in Resources */ = {isa = PBXBuildFile; fileRef = C105AF4B2302BC1A00C6235E /* img7.jpg */; };
		C105AF562302BC1A00C6235E /* img3.jpg in Resources */ = {isa = PBXBuildFile; fileRef = C105AF4C2302BC1A00C6235E /* img3.jpg */; };
		C105AF572302BC1A00C6235E /* img2.jpg in Resources */ = {isa = PBXBuildFile; fileRef = C105AF4D2302BC1A00C6235E /* img2.jpg */; };
		C105AF582302BC1A00C6235E /* img1.jpg in Resources */ = {isa = PBXBuildFile; fileRef = C105AF4E2302BC1A00C6235E /* img1.jpg */; };
		C105AF592302BC1A00C6235E /* img10.jpg in Resources */ = {isa = PBXBuildFile; fileRef = C105AF4F2302BC1A00C6235E /* img10.jpg */; };
		C105AF5C2303A88000C6235E /* YSMInfoController.swift in Sources */ = {isa = PBXBuildFile; fileRef = C105AF5B2303A88000C6235E /* YSMInfoController.swift */; };
		C105AF5E2303A9E300C6235E /* YSMVideoController.swift in Sources */ = {isa = PBXBuildFile; fileRef = C105AF5D2303A9E300C6235E /* YSMVideoController.swift */; };
		C105AF622303B6C900C6235E /* YSMHomeFirstCell.m in Sources */ = {isa = PBXBuildFile; fileRef = C105AF612303B6C900C6235E /* YSMHomeFirstCell.m */; };
		C105AF652303FA8E00C6235E /* YSMScrollTextView.m in Sources */ = {isa = PBXBuildFile; fileRef = C105AF642303FA8E00C6235E /* YSMScrollTextView.m */; };
		EC0ED93F800436740090FCA7 /* Pods_stockMatchUITests.framework in Frameworks */ = {isa = PBXBuildFile; fileRef = 3A3115F944F66AEE715C4458 /* Pods_stockMatchUITests.framework */; };
/* End PBXBuildFile section */

/* Begin PBXContainerItemProxy section */
		C105AEE923016AAB00C6235E /* PBXContainerItemProxy */ = {
			isa = PBXContainerItemProxy;
			containerPortal = C105AEC823016AAA00C6235E /* Project object */;
			proxyType = 1;
			remoteGlobalIDString = C105AECF23016AAA00C6235E;
			remoteInfo = stockMatch;
		};
		C105AEF423016AAB00C6235E /* PBXContainerItemProxy */ = {
			isa = PBXContainerItemProxy;
			containerPortal = C105AEC823016AAA00C6235E /* Project object */;
			proxyType = 1;
			remoteGlobalIDString = C105AECF23016AAA00C6235E;
			remoteInfo = stockMatch;
		};
/* End PBXContainerItemProxy section */

/* Begin PBXFileReference section */
		3400616B3D0ACF5ADE2A26C4 /* Pods-stockMatchUITests.release.xcconfig */ = {isa = PBXFileReference; includeInIndex = 1; lastKnownFileType = text.xcconfig; name = "Pods-stockMatchUITests.release.xcconfig"; path = "Target Support Files/Pods-stockMatchUITests/Pods-stockMatchUITests.release.xcconfig"; sourceTree = "<group>"; };
		3A3115F944F66AEE715C4458 /* Pods_stockMatchUITests.framework */ = {isa = PBXFileReference; explicitFileType = wrapper.framework; includeInIndex = 0; path = Pods_stockMatchUITests.framework; sourceTree = BUILT_PRODUCTS_DIR; };
		466A0B79742127193D4C88C2 /* Pods-stockMatchTests.debug.xcconfig */ = {isa = PBXFileReference; includeInIndex = 1; lastKnownFileType = text.xcconfig; name = "Pods-stockMatchTests.debug.xcconfig"; path = "Target Support Files/Pods-stockMatchTests/Pods-stockMatchTests.debug.xcconfig"; sourceTree = "<group>"; };
		4980AF1D97A95EF8EC1CB5BC /* Pods-stockMatchTests.release.xcconfig */ = {isa = PBXFileReference; includeInIndex = 1; lastKnownFileType = text.xcconfig; name = "Pods-stockMatchTests.release.xcconfig"; path = "Target Support Files/Pods-stockMatchTests/Pods-stockMatchTests.release.xcconfig"; sourceTree = "<group>"; };
		6ADA925EBC111CD957137C04 /* Pods_stockMatchTests.framework */ = {isa = PBXFileReference; explicitFileType = wrapper.framework; includeInIndex = 0; path = Pods_stockMatchTests.framework; sourceTree = BUILT_PRODUCTS_DIR; };
		C105AED023016AAA00C6235E /* stockMatch.app */ = {isa = PBXFileReference; explicitFileType = wrapper.application; includeInIndex = 0; path = stockMatch.app; sourceTree = BUILT_PRODUCTS_DIR; };
		C105AED323016AAA00C6235E /* AppDelegate.h */ = {isa = PBXFileReference; lastKnownFileType = sourcecode.c.h; path = AppDelegate.h; sourceTree = "<group>"; };
		C105AED423016AAA00C6235E /* AppDelegate.m */ = {isa = PBXFileReference; lastKnownFileType = sourcecode.c.objc; path = AppDelegate.m; sourceTree = "<group>"; };
		C105AEDA23016AAA00C6235E /* Base */ = {isa = PBXFileReference; lastKnownFileType = file.storyboard; name = Base; path = Base.lproj/Main.storyboard; sourceTree = "<group>"; };
		C105AEDC23016AAB00C6235E /* Assets.xcassets */ = {isa = PBXFileReference; lastKnownFileType = folder.assetcatalog; path = Assets.xcassets; sourceTree = "<group>"; };
		C105AEDF23016AAB00C6235E /* Base */ = {isa = PBXFileReference; lastKnownFileType = file.storyboard; name = Base; path = Base.lproj/LaunchScreen.storyboard; sourceTree = "<group>"; };
		C105AEE123016AAB00C6235E /* Info.plist */ = {isa = PBXFileReference; lastKnownFileType = text.plist.xml; path = Info.plist; sourceTree = "<group>"; };
		C105AEE223016AAB00C6235E /* main.m */ = {isa = PBXFileReference; lastKnownFileType = sourcecode.c.objc; path = main.m; sourceTree = "<group>"; };
		C105AEE823016AAB00C6235E /* stockMatchTests.xctest */ = {isa = PBXFileReference; explicitFileType = wrapper.cfbundle; includeInIndex = 0; path = stockMatchTests.xctest; sourceTree = BUILT_PRODUCTS_DIR; };
		C105AEEC23016AAB00C6235E /* stockMatchTests.m */ = {isa = PBXFileReference; lastKnownFileType = sourcecode.c.objc; path = stockMatchTests.m; sourceTree = "<group>"; };
		C105AEEE23016AAB00C6235E /* Info.plist */ = {isa = PBXFileReference; lastKnownFileType = text.plist.xml; path = Info.plist; sourceTree = "<group>"; };
		C105AEF323016AAB00C6235E /* stockMatchUITests.xctest */ = {isa = PBXFileReference; explicitFileType = wrapper.cfbundle; includeInIndex = 0; path = stockMatchUITests.xctest; sourceTree = BUILT_PRODUCTS_DIR; };
		C105AEF723016AAB00C6235E /* stockMatchUITests.m */ = {isa = PBXFileReference; lastKnownFileType = sourcecode.c.objc; path = stockMatchUITests.m; sourceTree = "<group>"; };
		C105AEF923016AAB00C6235E /* Info.plist */ = {isa = PBXFileReference; lastKnownFileType = text.plist.xml; path = Info.plist; sourceTree = "<group>"; };
		C105AF0E23016BFE00C6235E /* YSMPrefixHeader.pch */ = {isa = PBXFileReference; lastKnownFileType = sourcecode.c.h; path = YSMPrefixHeader.pch; sourceTree = "<group>"; };
		C105AF13230171E600C6235E /* YSMTabBarController.h */ = {isa = PBXFileReference; lastKnownFileType = sourcecode.c.h; path = YSMTabBarController.h; sourceTree = "<group>"; };
		C105AF14230171E600C6235E /* YSMTabBarController.m */ = {isa = PBXFileReference; lastKnownFileType = sourcecode.c.objc; path = YSMTabBarController.m; sourceTree = "<group>"; };
		C105AF162301732500C6235E /* YSMHomeController.h */ = {isa = PBXFileReference; lastKnownFileType = sourcecode.c.h; path = YSMHomeController.h; sourceTree = "<group>"; };
		C105AF172301732500C6235E /* YSMHomeController.m */ = {isa = PBXFileReference; lastKnownFileType = sourcecode.c.objc; path = YSMHomeController.m; sourceTree = "<group>"; };
		C105AF1F2301737400C6235E /* YSMNavigationController.h */ = {isa = PBXFileReference; lastKnownFileType = sourcecode.c.h; path = YSMNavigationController.h; sourceTree = "<group>"; };
		C105AF202301737400C6235E /* YSMNavigationController.m */ = {isa = PBXFileReference; lastKnownFileType = sourcecode.c.objc; path = YSMNavigationController.m; sourceTree = "<group>"; };
		C105AF22230173C700C6235E /* YSMBaseController.h */ = {isa = PBXFileReference; lastKnownFileType = sourcecode.c.h; path = YSMBaseController.h; sourceTree = "<group>"; };
		C105AF23230173C700C6235E /* YSMBaseController.m */ = {isa = PBXFileReference; lastKnownFileType = sourcecode.c.objc; path = YSMBaseController.m; sourceTree = "<group>"; };
		C105AF252301755800C6235E /* LSMColors.h */ = {isa = PBXFileReference; lastKnownFileType = sourcecode.c.h; path = LSMColors.h; sourceTree = "<group>"; };
		C105AF26230175CB00C6235E /* UIColor+tool.h */ = {isa = PBXFileReference; fileEncoding = 4; lastKnownFileType = sourcecode.c.h; path = "UIColor+tool.h"; sourceTree = "<group>"; };
		C105AF27230175CB00C6235E /* UIColor+tool.m */ = {isa = PBXFileReference; fileEncoding = 4; lastKnownFileType = sourcecode.c.objc; path = "UIColor+tool.m"; sourceTree = "<group>"; };
		C105AF2F23025F6B00C6235E /* UIView+Cate.h */ = {isa = PBXFileReference; fileEncoding = 4; lastKnownFileType = sourcecode.c.h; path = "UIView+Cate.h"; sourceTree = "<group>"; };
		C105AF3023025F6B00C6235E /* getOnCommonTools.m */ = {isa = PBXFileReference; fileEncoding = 4; lastKnownFileType = sourcecode.c.objc; path = getOnCommonTools.m; sourceTree = "<group>"; };
		C105AF3123025F6B00C6235E /* UIView+Toast.h */ = {isa = PBXFileReference; fileEncoding = 4; lastKnownFileType = sourcecode.c.h; path = "UIView+Toast.h"; sourceTree = "<group>"; };
		C105AF3223025F6B00C6235E /* getOnCommonTools.h */ = {isa = PBXFileReference; fileEncoding = 4; lastKnownFileType = sourcecode.c.h; path = getOnCommonTools.h; sourceTree = "<group>"; };
		C105AF3323025F6B00C6235E /* UIView+Cate.m */ = {isa = PBXFileReference; fileEncoding = 4; lastKnownFileType = sourcecode.c.objc; path = "UIView+Cate.m"; sourceTree = "<group>"; };
		C105AF3423025F6B00C6235E /* UIView+Toast.m */ = {isa = PBXFileReference; fileEncoding = 4; lastKnownFileType = sourcecode.c.objc; path = "UIView+Toast.m"; sourceTree = "<group>"; };
		C105AF3A23025FE400C6235E /* getOnNetUrlBuilder.m */ = {isa = PBXFileReference; fileEncoding = 4; lastKnownFileType = sourcecode.c.objc; path = getOnNetUrlBuilder.m; sourceTree = "<group>"; };
		C105AF3B23025FE400C6235E /* getOnNetUrlBuilder.h */ = {isa = PBXFileReference; fileEncoding = 4; lastKnownFileType = sourcecode.c.h; path = getOnNetUrlBuilder.h; sourceTree = "<group>"; };
		C105AF3C23025FE400C6235E /* getOnNetManager.m */ = {isa = PBXFileReference; fileEncoding = 4; lastKnownFileType = sourcecode.c.objc; path = getOnNetManager.m; sourceTree = "<group>"; };
		C105AF3D23025FE400C6235E /* getOnNetManager.h */ = {isa = PBXFileReference; fileEncoding = 4; lastKnownFileType = sourcecode.c.h; path = getOnNetManager.h; sourceTree = "<group>"; };
		C105AF40230260B400C6235E /* LSMBasisConfiguration.h */ = {isa = PBXFileReference; lastKnownFileType = sourcecode.c.h; path = LSMBasisConfiguration.h; sourceTree = "<group>"; };
		C105AF412302AB2B00C6235E /* YSMCarouselView.h */ = {isa = PBXFileReference; lastKnownFileType = sourcecode.c.h; path = YSMCarouselView.h; sourceTree = "<group>"; };
		C105AF422302AB2B00C6235E /* YSMCarouselView.m */ = {isa = PBXFileReference; lastKnownFileType = sourcecode.c.objc; path = YSMCarouselView.m; sourceTree = "<group>"; };
		C105AF462302BC1A00C6235E /* img9.jpg */ = {isa = PBXFileReference; lastKnownFileType = image.jpeg; path = img9.jpg; sourceTree = "<group>"; };
		C105AF472302BC1A00C6235E /* img8.jpg */ = {isa = PBXFileReference; lastKnownFileType = image.jpeg; path = img8.jpg; sourceTree = "<group>"; };
		C105AF482302BC1A00C6235E /* img5.jpg */ = {isa = PBXFileReference; lastKnownFileType = image.jpeg; path = img5.jpg; sourceTree = "<group>"; };
		C105AF492302BC1A00C6235E /* img4.jpg */ = {isa = PBXFileReference; lastKnownFileType = image.jpeg; path = img4.jpg; sourceTree = "<group>"; };
		C105AF4A2302BC1A00C6235E /* img6.jpg */ = {isa = PBXFileReference; lastKnownFileType = image.jpeg; path = img6.jpg; sourceTree = "<group>"; };
		C105AF4B2302BC1A00C6235E /* img7.jpg */ = {isa = PBXFileReference; lastKnownFileType = image.jpeg; path = img7.jpg; sourceTree = "<group>"; };
		C105AF4C2302BC1A00C6235E /* img3.jpg */ = {isa = PBXFileReference; lastKnownFileType = image.jpeg; path = img3.jpg; sourceTree = "<group>"; };
		C105AF4D2302BC1A00C6235E /* img2.jpg */ = {isa = PBXFileReference; lastKnownFileType = image.jpeg; path = img2.jpg; sourceTree = "<group>"; };
		C105AF4E2302BC1A00C6235E /* img1.jpg */ = {isa = PBXFileReference; lastKnownFileType = image.jpeg; path = img1.jpg; sourceTree = "<group>"; };
		C105AF4F2302BC1A00C6235E /* img10.jpg */ = {isa = PBXFileReference; lastKnownFileType = image.jpeg; path = img10.jpg; sourceTree = "<group>"; };
		C105AF5A2303A88000C6235E /* stockMatch-Bridging-Header.h */ = {isa = PBXFileReference; lastKnownFileType = sourcecode.c.h; path = "stockMatch-Bridging-Header.h"; sourceTree = "<group>"; };
		C105AF5B2303A88000C6235E /* YSMInfoController.swift */ = {isa = PBXFileReference; lastKnownFileType = sourcecode.swift; path = YSMInfoController.swift; sourceTree = "<group>"; };
		C105AF5D2303A9E300C6235E /* YSMVideoController.swift */ = {isa = PBXFileReference; lastKnownFileType = sourcecode.swift; path = YSMVideoController.swift; sourceTree = "<group>"; };
		C105AF602303B6C900C6235E /* YSMHomeFirstCell.h */ = {isa = PBXFileReference; lastKnownFileType = sourcecode.c.h; path = YSMHomeFirstCell.h; sourceTree = "<group>"; };
		C105AF612303B6C900C6235E /* YSMHomeFirstCell.m */ = {isa = PBXFileReference; lastKnownFileType = sourcecode.c.objc; path = YSMHomeFirstCell.m; sourceTree = "<group>"; };
		C105AF632303FA8E00C6235E /* YSMScrollTextView.h */ = {isa = PBXFileReference; lastKnownFileType = sourcecode.c.h; path = YSMScrollTextView.h; sourceTree = "<group>"; };
		C105AF642303FA8E00C6235E /* YSMScrollTextView.m */ = {isa = PBXFileReference; lastKnownFileType = sourcecode.c.objc; path = YSMScrollTextView.m; sourceTree = "<group>"; };
		C70370F4AE53F4BE1FECD3F8 /* Pods-stockMatch.release.xcconfig */ = {isa = PBXFileReference; includeInIndex = 1; lastKnownFileType = text.xcconfig; name = "Pods-stockMatch.release.xcconfig"; path = "Target Support Files/Pods-stockMatch/Pods-stockMatch.release.xcconfig"; sourceTree = "<group>"; };
		D32858679368DC50BC10FF66 /* Pods-stockMatch.debug.xcconfig */ = {isa = PBXFileReference; includeInIndex = 1; lastKnownFileType = text.xcconfig; name = "Pods-stockMatch.debug.xcconfig"; path = "Target Support Files/Pods-stockMatch/Pods-stockMatch.debug.xcconfig"; sourceTree = "<group>"; };
		DF014EFBE222B06A60E5E118 /* Pods_stockMatch.framework */ = {isa = PBXFileReference; explicitFileType = wrapper.framework; includeInIndex = 0; path = Pods_stockMatch.framework; sourceTree = BUILT_PRODUCTS_DIR; };
		E1CBC1B7205375BB1B103B27 /* Pods-stockMatchUITests.debug.xcconfig */ = {isa = PBXFileReference; includeInIndex = 1; lastKnownFileType = text.xcconfig; name = "Pods-stockMatchUITests.debug.xcconfig"; path = "Target Support Files/Pods-stockMatchUITests/Pods-stockMatchUITests.debug.xcconfig"; sourceTree = "<group>"; };
/* End PBXFileReference section */

/* Begin PBXFrameworksBuildPhase section */
		C105AECD23016AAA00C6235E /* Frameworks */ = {
			isa = PBXFrameworksBuildPhase;
			buildActionMask = 2147483647;
			files = (
				04F88BBE5245B3BA699D6953 /* Pods_stockMatch.framework in Frameworks */,
			);
			runOnlyForDeploymentPostprocessing = 0;
		};
		C105AEE523016AAB00C6235E /* Frameworks */ = {
			isa = PBXFrameworksBuildPhase;
			buildActionMask = 2147483647;
			files = (
				9B0A0F0DEECD6CA4D1E0A596 /* Pods_stockMatchTests.framework in Frameworks */,
			);
			runOnlyForDeploymentPostprocessing = 0;
		};
		C105AEF023016AAB00C6235E /* Frameworks */ = {
			isa = PBXFrameworksBuildPhase;
			buildActionMask = 2147483647;
			files = (
				EC0ED93F800436740090FCA7 /* Pods_stockMatchUITests.framework in Frameworks */,
			);
			runOnlyForDeploymentPostprocessing = 0;
		};
/* End PBXFrameworksBuildPhase section */

/* Begin PBXGroup section */
		5E2E3E5188B73ADDADD8BAAB /* Frameworks */ = {
			isa = PBXGroup;
			children = (
				DF014EFBE222B06A60E5E118 /* Pods_stockMatch.framework */,
				6ADA925EBC111CD957137C04 /* Pods_stockMatchTests.framework */,
				3A3115F944F66AEE715C4458 /* Pods_stockMatchUITests.framework */,
			);
			name = Frameworks;
			sourceTree = "<group>";
		};
		8F944A4F27355CBBFC0A0B55 /* Pods */ = {
			isa = PBXGroup;
			children = (
				D32858679368DC50BC10FF66 /* Pods-stockMatch.debug.xcconfig */,
				C70370F4AE53F4BE1FECD3F8 /* Pods-stockMatch.release.xcconfig */,
				466A0B79742127193D4C88C2 /* Pods-stockMatchTests.debug.xcconfig */,
				4980AF1D97A95EF8EC1CB5BC /* Pods-stockMatchTests.release.xcconfig */,
				E1CBC1B7205375BB1B103B27 /* Pods-stockMatchUITests.debug.xcconfig */,
				3400616B3D0ACF5ADE2A26C4 /* Pods-stockMatchUITests.release.xcconfig */,
			);
			path = Pods;
			sourceTree = "<group>";
		};
		C105AEC723016AAA00C6235E = {
			isa = PBXGroup;
			children = (
				C105AED223016AAA00C6235E /* stockMatch */,
				C105AEEB23016AAB00C6235E /* stockMatchTests */,
				C105AEF623016AAB00C6235E /* stockMatchUITests */,
				C105AED123016AAA00C6235E /* Products */,
				8F944A4F27355CBBFC0A0B55 /* Pods */,
				5E2E3E5188B73ADDADD8BAAB /* Frameworks */,
			);
			sourceTree = "<group>";
		};
		C105AED123016AAA00C6235E /* Products */ = {
			isa = PBXGroup;
			children = (
				C105AED023016AAA00C6235E /* stockMatch.app */,
				C105AEE823016AAB00C6235E /* stockMatchTests.xctest */,
				C105AEF323016AAB00C6235E /* stockMatchUITests.xctest */,
			);
			name = Products;
			sourceTree = "<group>";
		};
		C105AED223016AAA00C6235E /* stockMatch */ = {
			isa = PBXGroup;
			children = (
				C105AF442302BC0200C6235E /* Source */,
				C105AF0D23016BC900C6235E /* Main */,
				C105AF0C23016BB400C6235E /* Common */,
				C105AF0A23016B4D00C6235E /* Models */,
				C105AF0923016B4300C6235E /* Views */,
				C105AF0823016B2B00C6235E /* ViewControllers */,
				C105AF0623016B0200C6235E /* Network */,
				C105AF0523016AF000C6235E /* Bar */,
				C105AED923016AAA00C6235E /* Main.storyboard */,
				C105AEDC23016AAB00C6235E /* Assets.xcassets */,
				C105AEDE23016AAB00C6235E /* LaunchScreen.storyboard */,
				C105AEE123016AAB00C6235E /* Info.plist */,
				C105AEE223016AAB00C6235E /* main.m */,
			);
			path = stockMatch;
			sourceTree = "<group>";
		};
		C105AEEB23016AAB00C6235E /* stockMatchTests */ = {
			isa = PBXGroup;
			children = (
				C105AEEC23016AAB00C6235E /* stockMatchTests.m */,
				C105AEEE23016AAB00C6235E /* Info.plist */,
			);
			path = stockMatchTests;
			sourceTree = "<group>";
		};
		C105AEF623016AAB00C6235E /* stockMatchUITests */ = {
			isa = PBXGroup;
			children = (
				C105AEF723016AAB00C6235E /* stockMatchUITests.m */,
				C105AEF923016AAB00C6235E /* Info.plist */,
			);
			path = stockMatchUITests;
			sourceTree = "<group>";
		};
		C105AF0523016AF000C6235E /* Bar */ = {
			isa = PBXGroup;
			children = (
				C105AF13230171E600C6235E /* YSMTabBarController.h */,
				C105AF14230171E600C6235E /* YSMTabBarController.m */,
			);
			path = Bar;
			sourceTree = "<group>";
		};
		C105AF0623016B0200C6235E /* Network */ = {
			isa = PBXGroup;
			children = (
				C105AF3D23025FE400C6235E /* getOnNetManager.h */,
				C105AF3C23025FE400C6235E /* getOnNetManager.m */,
				C105AF3B23025FE400C6235E /* getOnNetUrlBuilder.h */,
				C105AF3A23025FE400C6235E /* getOnNetUrlBuilder.m */,
			);
			path = Network;
			sourceTree = "<group>";
		};
		C105AF0823016B2B00C6235E /* ViewControllers */ = {
			isa = PBXGroup;
			children = (
				C105AF162301732500C6235E /* YSMHomeController.h */,
				C105AF172301732500C6235E /* YSMHomeController.m */,
				C105AF1F2301737400C6235E /* YSMNavigationController.h */,
				C105AF202301737400C6235E /* YSMNavigationController.m */,
				C105AF22230173C700C6235E /* YSMBaseController.h */,
				C105AF23230173C700C6235E /* YSMBaseController.m */,
				C105AF5B2303A88000C6235E /* YSMInfoController.swift */,
				C105AF5D2303A9E300C6235E /* YSMVideoController.swift */,
				C105AF5A2303A88000C6235E /* stockMatch-Bridging-Header.h */,
			);
			path = ViewControllers;
			sourceTree = "<group>";
		};
		C105AF0923016B4300C6235E /* Views */ = {
			isa = PBXGroup;
			children = (
				C105AF5F2303B68600C6235E /* HomeView */,
				C105AF412302AB2B00C6235E /* YSMCarouselView.h */,
				C105AF422302AB2B00C6235E /* YSMCarouselView.m */,
			);
			path = Views;
			sourceTree = "<group>";
		};
		C105AF0A23016B4D00C6235E /* Models */ = {
			isa = PBXGroup;
			children = (
			);
			path = Models;
			sourceTree = "<group>";
		};
		C105AF0C23016BB400C6235E /* Common */ = {
			isa = PBXGroup;
			children = (
				C105AF2E23025F6B00C6235E /* getOnTools */,
				C105AF252301755800C6235E /* LSMColors.h */,
				C105AF40230260B400C6235E /* LSMBasisConfiguration.h */,
				C105AF26230175CB00C6235E /* UIColor+tool.h */,
				C105AF27230175CB00C6235E /* UIColor+tool.m */,
			);
			path = Common;
			sourceTree = "<group>";
		};
		C105AF0D23016BC900C6235E /* Main */ = {
			isa = PBXGroup;
			children = (
				C105AED323016AAA00C6235E /* AppDelegate.h */,
				C105AED423016AAA00C6235E /* AppDelegate.m */,
				C105AF0E23016BFE00C6235E /* YSMPrefixHeader.pch */,
			);
			path = Main;
			sourceTree = "<group>";
		};
		C105AF2E23025F6B00C6235E /* getOnTools */ = {
			isa = PBXGroup;
			children = (
				C105AF2F23025F6B00C6235E /* UIView+Cate.h */,
				C105AF3323025F6B00C6235E /* UIView+Cate.m */,
				C105AF3123025F6B00C6235E /* UIView+Toast.h */,
				C105AF3423025F6B00C6235E /* UIView+Toast.m */,
				C105AF3023025F6B00C6235E /* getOnCommonTools.m */,
				C105AF3223025F6B00C6235E /* getOnCommonTools.h */,
			);
			path = getOnTools;
			sourceTree = "<group>";
		};
		C105AF442302BC0200C6235E /* Source */ = {
			isa = PBXGroup;
			children = (
				C105AF452302BC1A00C6235E /* SourceImage */,
			);
			path = Source;
			sourceTree = "<group>";
		};
		C105AF452302BC1A00C6235E /* SourceImage */ = {
			isa = PBXGroup;
			children = (
				C105AF462302BC1A00C6235E /* img9.jpg */,
				C105AF472302BC1A00C6235E /* img8.jpg */,
				C105AF482302BC1A00C6235E /* img5.jpg */,
				C105AF492302BC1A00C6235E /* img4.jpg */,
				C105AF4A2302BC1A00C6235E /* img6.jpg */,
				C105AF4B2302BC1A00C6235E /* img7.jpg */,
				C105AF4C2302BC1A00C6235E /* img3.jpg */,
				C105AF4D2302BC1A00C6235E /* img2.jpg */,
				C105AF4E2302BC1A00C6235E /* img1.jpg */,
				C105AF4F2302BC1A00C6235E /* img10.jpg */,
			);
			path = SourceImage;
			sourceTree = "<group>";
		};
		C105AF5F2303B68600C6235E /* HomeView */ = {
			isa = PBXGroup;
			children = (
				C105AF602303B6C900C6235E /* YSMHomeFirstCell.h */,
				C105AF612303B6C900C6235E /* YSMHomeFirstCell.m */,
				C105AF632303FA8E00C6235E /* YSMScrollTextView.h */,
				C105AF642303FA8E00C6235E /* YSMScrollTextView.m */,
			);
			path = HomeView;
			sourceTree = "<group>";
		};
/* End PBXGroup section */

/* Begin PBXNativeTarget section */
		C105AECF23016AAA00C6235E /* stockMatch */ = {
			isa = PBXNativeTarget;
			buildConfigurationList = C105AEFC23016AAB00C6235E /* Build configuration list for PBXNativeTarget "stockMatch" */;
			buildPhases = (
				BA4FD567C41FA9539685F2AD /* [CP] Check Pods Manifest.lock */,
				C105AECC23016AAA00C6235E /* Sources */,
				C105AECD23016AAA00C6235E /* Frameworks */,
				C105AECE23016AAA00C6235E /* Resources */,
				46DE4A6AC8A937D9CC1464A0 /* [CP] Embed Pods Frameworks */,
			);
			buildRules = (
			);
			dependencies = (
			);
			name = stockMatch;
			productName = stockMatch;
			productReference = C105AED023016AAA00C6235E /* stockMatch.app */;
			productType = "com.apple.product-type.application";
		};
		C105AEE723016AAB00C6235E /* stockMatchTests */ = {
			isa = PBXNativeTarget;
			buildConfigurationList = C105AEFF23016AAB00C6235E /* Build configuration list for PBXNativeTarget "stockMatchTests" */;
			buildPhases = (
				9D1D2E0C49C1813F8B9356F0 /* [CP] Check Pods Manifest.lock */,
				C105AEE423016AAB00C6235E /* Sources */,
				C105AEE523016AAB00C6235E /* Frameworks */,
				C105AEE623016AAB00C6235E /* Resources */,
			);
			buildRules = (
			);
			dependencies = (
				C105AEEA23016AAB00C6235E /* PBXTargetDependency */,
			);
			name = stockMatchTests;
			productName = stockMatchTests;
			productReference = C105AEE823016AAB00C6235E /* stockMatchTests.xctest */;
			productType = "com.apple.product-type.bundle.unit-test";
		};
		C105AEF223016AAB00C6235E /* stockMatchUITests */ = {
			isa = PBXNativeTarget;
			buildConfigurationList = C105AF0223016AAB00C6235E /* Build configuration list for PBXNativeTarget "stockMatchUITests" */;
			buildPhases = (
				7BE775F4CD0FBB5146C8F3D5 /* [CP] Check Pods Manifest.lock */,
				C105AEEF23016AAB00C6235E /* Sources */,
				C105AEF023016AAB00C6235E /* Frameworks */,
				C105AEF123016AAB00C6235E /* Resources */,
			);
			buildRules = (
			);
			dependencies = (
				C105AEF523016AAB00C6235E /* PBXTargetDependency */,
			);
			name = stockMatchUITests;
			productName = stockMatchUITests;
			productReference = C105AEF323016AAB00C6235E /* stockMatchUITests.xctest */;
			productType = "com.apple.product-type.bundle.ui-testing";
		};
/* End PBXNativeTarget section */

/* Begin PBXProject section */
		C105AEC823016AAA00C6235E /* Project object */ = {
			isa = PBXProject;
			attributes = {
				LastUpgradeCheck = 1030;
				ORGANIZATIONNAME = "玉岳鹏";
				TargetAttributes = {
					C105AECF23016AAA00C6235E = {
						CreatedOnToolsVersion = 10.3;
						LastSwiftMigration = 1030;
					};
					C105AEE723016AAB00C6235E = {
						CreatedOnToolsVersion = 10.3;
						TestTargetID = C105AECF23016AAA00C6235E;
					};
					C105AEF223016AAB00C6235E = {
						CreatedOnToolsVersion = 10.3;
						TestTargetID = C105AECF23016AAA00C6235E;
					};
				};
			};
			buildConfigurationList = C105AECB23016AAA00C6235E /* Build configuration list for PBXProject "stockMatch" */;
			compatibilityVersion = "Xcode 9.3";
			developmentRegion = en;
			hasScannedForEncodings = 0;
			knownRegions = (
				en,
				Base,
			);
			mainGroup = C105AEC723016AAA00C6235E;
			productRefGroup = C105AED123016AAA00C6235E /* Products */;
			projectDirPath = "";
			projectRoot = "";
			targets = (
				C105AECF23016AAA00C6235E /* stockMatch */,
				C105AEE723016AAB00C6235E /* stockMatchTests */,
				C105AEF223016AAB00C6235E /* stockMatchUITests */,
			);
		};
/* End PBXProject section */

/* Begin PBXResourcesBuildPhase section */
		C105AECE23016AAA00C6235E /* Resources */ = {
			isa = PBXResourcesBuildPhase;
			buildActionMask = 2147483647;
			files = (
				C105AF532302BC1A00C6235E /* img4.jpg in Resources */,
				C105AF582302BC1A00C6235E /* img1.jpg in Resources */,
				C105AF592302BC1A00C6235E /* img10.jpg in Resources */,
				C105AF562302BC1A00C6235E /* img3.jpg in Resources */,
				C105AEE023016AAB00C6235E /* LaunchScreen.storyboard in Resources */,
				C105AF542302BC1A00C6235E /* img6.jpg in Resources */,
				C105AF522302BC1A00C6235E /* img5.jpg in Resources */,
				C105AF552302BC1A00C6235E /* img7.jpg in Resources */,
				C105AF512302BC1A00C6235E /* img8.jpg in Resources */,
				C105AF502302BC1A00C6235E /* img9.jpg in Resources */,
				C105AEDD23016AAB00C6235E /* Assets.xcassets in Resources */,
				C105AF572302BC1A00C6235E /* img2.jpg in Resources */,
				C105AEDB23016AAA00C6235E /* Main.storyboard in Resources */,
			);
			runOnlyForDeploymentPostprocessing = 0;
		};
		C105AEE623016AAB00C6235E /* Resources */ = {
			isa = PBXResourcesBuildPhase;
			buildActionMask = 2147483647;
			files = (
			);
			runOnlyForDeploymentPostprocessing = 0;
		};
		C105AEF123016AAB00C6235E /* Resources */ = {
			isa = PBXResourcesBuildPhase;
			buildActionMask = 2147483647;
			files = (
			);
			runOnlyForDeploymentPostprocessing = 0;
		};
/* End PBXResourcesBuildPhase section */

/* Begin PBXShellScriptBuildPhase section */
		46DE4A6AC8A937D9CC1464A0 /* [CP] Embed Pods Frameworks */ = {
			isa = PBXShellScriptBuildPhase;
			buildActionMask = 2147483647;
			files = (
			);
			inputFileListPaths = (
				"${PODS_ROOT}/Target Support Files/Pods-stockMatch/Pods-stockMatch-frameworks-${CONFIGURATION}-input-files.xcfilelist",
			);
			name = "[CP] Embed Pods Frameworks";
			outputFileListPaths = (
				"${PODS_ROOT}/Target Support Files/Pods-stockMatch/Pods-stockMatch-frameworks-${CONFIGURATION}-output-files.xcfilelist",
			);
			runOnlyForDeploymentPostprocessing = 0;
			shellPath = /bin/sh;
			shellScript = "\"${PODS_ROOT}/Target Support Files/Pods-stockMatch/Pods-stockMatch-frameworks.sh\"\n";
			showEnvVarsInLog = 0;
		};
		7BE775F4CD0FBB5146C8F3D5 /* [CP] Check Pods Manifest.lock */ = {
			isa = PBXShellScriptBuildPhase;
			buildActionMask = 2147483647;
			files = (
			);
			inputFileListPaths = (
			);
			inputPaths = (
				"${PODS_PODFILE_DIR_PATH}/Podfile.lock",
				"${PODS_ROOT}/Manifest.lock",
			);
			name = "[CP] Check Pods Manifest.lock";
			outputFileListPaths = (
			);
			outputPaths = (
				"$(DERIVED_FILE_DIR)/Pods-stockMatchUITests-checkManifestLockResult.txt",
			);
			runOnlyForDeploymentPostprocessing = 0;
			shellPath = /bin/sh;
			shellScript = "diff \"${PODS_PODFILE_DIR_PATH}/Podfile.lock\" \"${PODS_ROOT}/Manifest.lock\" > /dev/null\nif [ $? != 0 ] ; then\n    # print error to STDERR\n    echo \"error: The sandbox is not in sync with the Podfile.lock. Run 'pod install' or update your CocoaPods installation.\" >&2\n    exit 1\nfi\n# This output is used by Xcode 'outputs' to avoid re-running this script phase.\necho \"SUCCESS\" > \"${SCRIPT_OUTPUT_FILE_0}\"\n";
			showEnvVarsInLog = 0;
		};
		9D1D2E0C49C1813F8B9356F0 /* [CP] Check Pods Manifest.lock */ = {
			isa = PBXShellScriptBuildPhase;
			buildActionMask = 2147483647;
			files = (
			);
			inputFileListPaths = (
			);
			inputPaths = (
				"${PODS_PODFILE_DIR_PATH}/Podfile.lock",
				"${PODS_ROOT}/Manifest.lock",
			);
			name = "[CP] Check Pods Manifest.lock";
			outputFileListPaths = (
			);
			outputPaths = (
				"$(DERIVED_FILE_DIR)/Pods-stockMatchTests-checkManifestLockResult.txt",
			);
			runOnlyForDeploymentPostprocessing = 0;
			shellPath = /bin/sh;
			shellScript = "diff \"${PODS_PODFILE_DIR_PATH}/Podfile.lock\" \"${PODS_ROOT}/Manifest.lock\" > /dev/null\nif [ $? != 0 ] ; then\n    # print error to STDERR\n    echo \"error: The sandbox is not in sync with the Podfile.lock. Run 'pod install' or update your CocoaPods installation.\" >&2\n    exit 1\nfi\n# This output is used by Xcode 'outputs' to avoid re-running this script phase.\necho \"SUCCESS\" > \"${SCRIPT_OUTPUT_FILE_0}\"\n";
			showEnvVarsInLog = 0;
		};
		BA4FD567C41FA9539685F2AD /* [CP] Check Pods Manifest.lock */ = {
			isa = PBXShellScriptBuildPhase;
			buildActionMask = 2147483647;
			files = (
			);
			inputFileListPaths = (
			);
			inputPaths = (
				"${PODS_PODFILE_DIR_PATH}/Podfile.lock",
				"${PODS_ROOT}/Manifest.lock",
			);
			name = "[CP] Check Pods Manifest.lock";
			outputFileListPaths = (
			);
			outputPaths = (
				"$(DERIVED_FILE_DIR)/Pods-stockMatch-checkManifestLockResult.txt",
			);
			runOnlyForDeploymentPostprocessing = 0;
			shellPath = /bin/sh;
			shellScript = "diff \"${PODS_PODFILE_DIR_PATH}/Podfile.lock\" \"${PODS_ROOT}/Manifest.lock\" > /dev/null\nif [ $? != 0 ] ; then\n    # print error to STDERR\n    echo \"error: The sandbox is not in sync with the Podfile.lock. Run 'pod install' or update your CocoaPods installation.\" >&2\n    exit 1\nfi\n# This output is used by Xcode 'outputs' to avoid re-running this script phase.\necho \"SUCCESS\" > \"${SCRIPT_OUTPUT_FILE_0}\"\n";
			showEnvVarsInLog = 0;
		};
/* End PBXShellScriptBuildPhase section */

/* Begin PBXSourcesBuildPhase section */
		C105AECC23016AAA00C6235E /* Sources */ = {
			isa = PBXSourcesBuildPhase;
			buildActionMask = 2147483647;
			files = (
				C105AF3723025F6B00C6235E /* getOnCommonTools.m in Sources */,
				C105AF3823025F6B00C6235E /* UIView+Cate.m in Sources */,
				C105AF432302AB2B00C6235E /* YSMCarouselView.m in Sources */,
				C105AF652303FA8E00C6235E /* YSMScrollTextView.m in Sources */,
				C105AF182301732500C6235E /* YSMHomeController.m in Sources */,
				C105AF3F23025FE400C6235E /* getOnNetManager.m in Sources */,
				C105AF3923025F6B00C6235E /* UIView+Toast.m in Sources */,
				C105AEE323016AAB00C6235E /* main.m in Sources */,
				C105AF622303B6C900C6235E /* YSMHomeFirstCell.m in Sources */,
				C105AF15230171E600C6235E /* YSMTabBarController.m in Sources */,
				C105AF28230175CB00C6235E /* UIColor+tool.m in Sources */,
				C105AF3E23025FE400C6235E /* getOnNetUrlBuilder.m in Sources */,
				C105AF5C2303A88000C6235E /* YSMInfoController.swift in Sources */,
				C105AED523016AAA00C6235E /* AppDelegate.m in Sources */,
				C105AF24230173C700C6235E /* YSMBaseController.m in Sources */,
				C105AF5E2303A9E300C6235E /* YSMVideoController.swift in Sources */,
				C105AF212301737400C6235E /* YSMNavigationController.m in Sources */,
			);
			runOnlyForDeploymentPostprocessing = 0;
		};
		C105AEE423016AAB00C6235E /* Sources */ = {
			isa = PBXSourcesBuildPhase;
			buildActionMask = 2147483647;
			files = (
				C105AEED23016AAB00C6235E /* stockMatchTests.m in Sources */,
			);
			runOnlyForDeploymentPostprocessing = 0;
		};
		C105AEEF23016AAB00C6235E /* Sources */ = {
			isa = PBXSourcesBuildPhase;
			buildActionMask = 2147483647;
			files = (
				C105AEF823016AAB00C6235E /* stockMatchUITests.m in Sources */,
			);
			runOnlyForDeploymentPostprocessing = 0;
		};
/* End PBXSourcesBuildPhase section */

/* Begin PBXTargetDependency section */
		C105AEEA23016AAB00C6235E /* PBXTargetDependency */ = {
			isa = PBXTargetDependency;
			target = C105AECF23016AAA00C6235E /* stockMatch */;
			targetProxy = C105AEE923016AAB00C6235E /* PBXContainerItemProxy */;
		};
		C105AEF523016AAB00C6235E /* PBXTargetDependency */ = {
			isa = PBXTargetDependency;
			target = C105AECF23016AAA00C6235E /* stockMatch */;
			targetProxy = C105AEF423016AAB00C6235E /* PBXContainerItemProxy */;
		};
/* End PBXTargetDependency section */

/* Begin PBXVariantGroup section */
		C105AED923016AAA00C6235E /* Main.storyboard */ = {
			isa = PBXVariantGroup;
			children = (
				C105AEDA23016AAA00C6235E /* Base */,
			);
			name = Main.storyboard;
			sourceTree = "<group>";
		};
		C105AEDE23016AAB00C6235E /* LaunchScreen.storyboard */ = {
			isa = PBXVariantGroup;
			children = (
				C105AEDF23016AAB00C6235E /* Base */,
			);
			name = LaunchScreen.storyboard;
			sourceTree = "<group>";
		};
/* End PBXVariantGroup section */

/* Begin XCBuildConfiguration section */
		C105AEFA23016AAB00C6235E /* Debug */ = {
			isa = XCBuildConfiguration;
			buildSettings = {
				ALWAYS_SEARCH_USER_PATHS = NO;
				CLANG_ANALYZER_NONNULL = YES;
				CLANG_ANALYZER_NUMBER_OBJECT_CONVERSION = YES_AGGRESSIVE;
				CLANG_CXX_LANGUAGE_STANDARD = "gnu++14";
				CLANG_CXX_LIBRARY = "libc++";
				CLANG_ENABLE_MODULES = YES;
				CLANG_ENABLE_OBJC_ARC = YES;
				CLANG_ENABLE_OBJC_WEAK = YES;
				CLANG_WARN_BLOCK_CAPTURE_AUTORELEASING = YES;
				CLANG_WARN_BOOL_CONVERSION = YES;
				CLANG_WARN_COMMA = YES;
				CLANG_WARN_CONSTANT_CONVERSION = YES;
				CLANG_WARN_DEPRECATED_OBJC_IMPLEMENTATIONS = YES;
				CLANG_WARN_DIRECT_OBJC_ISA_USAGE = YES_ERROR;
				CLANG_WARN_DOCUMENTATION_COMMENTS = YES;
				CLANG_WARN_EMPTY_BODY = YES;
				CLANG_WARN_ENUM_CONVERSION = YES;
				CLANG_WARN_INFINITE_RECURSION = YES;
				CLANG_WARN_INT_CONVERSION = YES;
				CLANG_WARN_NON_LITERAL_NULL_CONVERSION = YES;
				CLANG_WARN_OBJC_IMPLICIT_RETAIN_SELF = YES;
				CLANG_WARN_OBJC_LITERAL_CONVERSION = YES;
				CLANG_WARN_OBJC_ROOT_CLASS = YES_ERROR;
				CLANG_WARN_RANGE_LOOP_ANALYSIS = YES;
				CLANG_WARN_STRICT_PROTOTYPES = YES;
				CLANG_WARN_SUSPICIOUS_MOVE = YES;
				CLANG_WARN_UNGUARDED_AVAILABILITY = YES_AGGRESSIVE;
				CLANG_WARN_UNREACHABLE_CODE = YES;
				CLANG_WARN__DUPLICATE_METHOD_MATCH = YES;
				CODE_SIGN_IDENTITY = "iPhone Developer";
				COPY_PHASE_STRIP = NO;
				DEBUG_INFORMATION_FORMAT = dwarf;
				ENABLE_STRICT_OBJC_MSGSEND = YES;
				ENABLE_TESTABILITY = YES;
				GCC_C_LANGUAGE_STANDARD = gnu11;
				GCC_DYNAMIC_NO_PIC = NO;
				GCC_NO_COMMON_BLOCKS = YES;
				GCC_OPTIMIZATION_LEVEL = 0;
				GCC_PREPROCESSOR_DEFINITIONS = (
					"DEBUG=1",
					"$(inherited)",
				);
				GCC_WARN_64_TO_32_BIT_CONVERSION = YES;
				GCC_WARN_ABOUT_RETURN_TYPE = YES_ERROR;
				GCC_WARN_UNDECLARED_SELECTOR = YES;
				GCC_WARN_UNINITIALIZED_AUTOS = YES_AGGRESSIVE;
				GCC_WARN_UNUSED_FUNCTION = YES;
				GCC_WARN_UNUSED_VARIABLE = YES;
				IPHONEOS_DEPLOYMENT_TARGET = 12.4;
				MTL_ENABLE_DEBUG_INFO = INCLUDE_SOURCE;
				MTL_FAST_MATH = YES;
				ONLY_ACTIVE_ARCH = YES;
				SDKROOT = iphoneos;
			};
			name = Debug;
		};
		C105AEFB23016AAB00C6235E /* Release */ = {
			isa = XCBuildConfiguration;
			buildSettings = {
				ALWAYS_SEARCH_USER_PATHS = NO;
				CLANG_ANALYZER_NONNULL = YES;
				CLANG_ANALYZER_NUMBER_OBJECT_CONVERSION = YES_AGGRESSIVE;
				CLANG_CXX_LANGUAGE_STANDARD = "gnu++14";
				CLANG_CXX_LIBRARY = "libc++";
				CLANG_ENABLE_MODULES = YES;
				CLANG_ENABLE_OBJC_ARC = YES;
				CLANG_ENABLE_OBJC_WEAK = YES;
				CLANG_WARN_BLOCK_CAPTURE_AUTORELEASING = YES;
				CLANG_WARN_BOOL_CONVERSION = YES;
				CLANG_WARN_COMMA = YES;
				CLANG_WARN_CONSTANT_CONVERSION = YES;
				CLANG_WARN_DEPRECATED_OBJC_IMPLEMENTATIONS = YES;
				CLANG_WARN_DIRECT_OBJC_ISA_USAGE = YES_ERROR;
				CLANG_WARN_DOCUMENTATION_COMMENTS = YES;
				CLANG_WARN_EMPTY_BODY = YES;
				CLANG_WARN_ENUM_CONVERSION = YES;
				CLANG_WARN_INFINITE_RECURSION = YES;
				CLANG_WARN_INT_CONVERSION = YES;
				CLANG_WARN_NON_LITERAL_NULL_CONVERSION = YES;
				CLANG_WARN_OBJC_IMPLICIT_RETAIN_SELF = YES;
				CLANG_WARN_OBJC_LITERAL_CONVERSION = YES;
				CLANG_WARN_OBJC_ROOT_CLASS = YES_ERROR;
				CLANG_WARN_RANGE_LOOP_ANALYSIS = YES;
				CLANG_WARN_STRICT_PROTOTYPES = YES;
				CLANG_WARN_SUSPICIOUS_MOVE = YES;
				CLANG_WARN_UNGUARDED_AVAILABILITY = YES_AGGRESSIVE;
				CLANG_WARN_UNREACHABLE_CODE = YES;
				CLANG_WARN__DUPLICATE_METHOD_MATCH = YES;
				CODE_SIGN_IDENTITY = "iPhone Developer";
				COPY_PHASE_STRIP = NO;
				DEBUG_INFORMATION_FORMAT = "dwarf-with-dsym";
				ENABLE_NS_ASSERTIONS = NO;
				ENABLE_STRICT_OBJC_MSGSEND = YES;
				GCC_C_LANGUAGE_STANDARD = gnu11;
				GCC_NO_COMMON_BLOCKS = YES;
				GCC_WARN_64_TO_32_BIT_CONVERSION = YES;
				GCC_WARN_ABOUT_RETURN_TYPE = YES_ERROR;
				GCC_WARN_UNDECLARED_SELECTOR = YES;
				GCC_WARN_UNINITIALIZED_AUTOS = YES_AGGRESSIVE;
				GCC_WARN_UNUSED_FUNCTION = YES;
				GCC_WARN_UNUSED_VARIABLE = YES;
				IPHONEOS_DEPLOYMENT_TARGET = 12.4;
				MTL_ENABLE_DEBUG_INFO = NO;
				MTL_FAST_MATH = YES;
				SDKROOT = iphoneos;
				VALIDATE_PRODUCT = YES;
			};
			name = Release;
		};
		C105AEFD23016AAB00C6235E /* Debug */ = {
			isa = XCBuildConfiguration;
			baseConfigurationReference = D32858679368DC50BC10FF66 /* Pods-stockMatch.debug.xcconfig */;
			buildSettings = {
				ASSETCATALOG_COMPILER_APPICON_NAME = AppIcon;
				CLANG_ENABLE_MODULES = YES;
				CODE_SIGN_STYLE = Automatic;
				DEFINES_MODULE = YES;
				DEVELOPMENT_TEAM = 8858GLHKNB;
				GCC_PREFIX_HEADER = "$(SRCROOT)/stockMatch/Main/YSMPrefixHeader.pch";
				INFOPLIST_FILE = stockMatch/Info.plist;
				IPHONEOS_DEPLOYMENT_TARGET = 9.0;
				LD_RUNPATH_SEARCH_PATHS = (
					"$(inherited)",
					"@executable_path/Frameworks",
				);
				PRODUCT_BUNDLE_IDENTIFIER = com.yyp.www.stockMatch;
				PRODUCT_NAME = "$(TARGET_NAME)";
				SWIFT_OBJC_BRIDGING_HEADER = "stockMatch/ViewControllers/stockMatch-Bridging-Header.h";
				SWIFT_OPTIMIZATION_LEVEL = "-Onone";
				SWIFT_VERSION = 5.0;
				TARGETED_DEVICE_FAMILY = "1,2";
			};
			name = Debug;
		};
		C105AEFE23016AAB00C6235E /* Release */ = {
			isa = XCBuildConfiguration;
			baseConfigurationReference = C70370F4AE53F4BE1FECD3F8 /* Pods-stockMatch.release.xcconfig */;
			buildSettings = {
				ASSETCATALOG_COMPILER_APPICON_NAME = AppIcon;
				CLANG_ENABLE_MODULES = YES;
				CODE_SIGN_STYLE = Automatic;
				DEFINES_MODULE = YES;
				DEVELOPMENT_TEAM = 8858GLHKNB;
				GCC_PREFIX_HEADER = "$(SRCROOT)/stockMatch/Main/YSMPrefixHeader.pch";
				INFOPLIST_FILE = stockMatch/Info.plist;
				IPHONEOS_DEPLOYMENT_TARGET = 9.0;
				LD_RUNPATH_SEARCH_PATHS = (
					"$(inherited)",
					"@executable_path/Frameworks",
				);
				PRODUCT_BUNDLE_IDENTIFIER = com.yyp.www.stockMatch;
				PRODUCT_NAME = "$(TARGET_NAME)";
				SWIFT_OBJC_BRIDGING_HEADER = "stockMatch/ViewControllers/stockMatch-Bridging-Header.h";
				SWIFT_VERSION = 5.0;
				TARGETED_DEVICE_FAMILY = "1,2";
			};
			name = Release;
		};
		C105AF0023016AAB00C6235E /* Debug */ = {
			isa = XCBuildConfiguration;
			baseConfigurationReference = 466A0B79742127193D4C88C2 /* Pods-stockMatchTests.debug.xcconfig */;
			buildSettings = {
				ALWAYS_EMBED_SWIFT_STANDARD_LIBRARIES = YES;
				BUNDLE_LOADER = "$(TEST_HOST)";
				CODE_SIGN_STYLE = Automatic;
				INFOPLIST_FILE = stockMatchTests/Info.plist;
				LD_RUNPATH_SEARCH_PATHS = (
					"$(inherited)",
					"@executable_path/Frameworks",
					"@loader_path/Frameworks",
				);
				PRODUCT_BUNDLE_IDENTIFIER = com.yyp.www.stockMatchTests;
				PRODUCT_NAME = "$(TARGET_NAME)";
				TARGETED_DEVICE_FAMILY = "1,2";
				TEST_HOST = "$(BUILT_PRODUCTS_DIR)/stockMatch.app/stockMatch";
			};
			name = Debug;
		};
		C105AF0123016AAB00C6235E /* Release */ = {
			isa = XCBuildConfiguration;
			baseConfigurationReference = 4980AF1D97A95EF8EC1CB5BC /* Pods-stockMatchTests.release.xcconfig */;
			buildSettings = {
				ALWAYS_EMBED_SWIFT_STANDARD_LIBRARIES = YES;
				BUNDLE_LOADER = "$(TEST_HOST)";
				CODE_SIGN_STYLE = Automatic;
				INFOPLIST_FILE = stockMatchTests/Info.plist;
				LD_RUNPATH_SEARCH_PATHS = (
					"$(inherited)",
					"@executable_path/Frameworks",
					"@loader_path/Frameworks",
				);
				PRODUCT_BUNDLE_IDENTIFIER = com.yyp.www.stockMatchTests;
				PRODUCT_NAME = "$(TARGET_NAME)";
				TARGETED_DEVICE_FAMILY = "1,2";
				TEST_HOST = "$(BUILT_PRODUCTS_DIR)/stockMatch.app/stockMatch";
			};
			name = Release;
		};
		C105AF0323016AAB00C6235E /* Debug */ = {
			isa = XCBuildConfiguration;
			baseConfigurationReference = E1CBC1B7205375BB1B103B27 /* Pods-stockMatchUITests.debug.xcconfig */;
			buildSettings = {
				ALWAYS_EMBED_SWIFT_STANDARD_LIBRARIES = YES;
				CODE_SIGN_STYLE = Automatic;
				INFOPLIST_FILE = stockMatchUITests/Info.plist;
				LD_RUNPATH_SEARCH_PATHS = (
					"$(inherited)",
					"@executable_path/Frameworks",
					"@loader_path/Frameworks",
				);
				PRODUCT_BUNDLE_IDENTIFIER = com.yyp.www.stockMatchUITests;
				PRODUCT_NAME = "$(TARGET_NAME)";
				TARGETED_DEVICE_FAMILY = "1,2";
				TEST_TARGET_NAME = stockMatch;
			};
			name = Debug;
		};
		C105AF0423016AAB00C6235E /* Release */ = {
			isa = XCBuildConfiguration;
			baseConfigurationReference = 3400616B3D0ACF5ADE2A26C4 /* Pods-stockMatchUITests.release.xcconfig */;
			buildSettings = {
				ALWAYS_EMBED_SWIFT_STANDARD_LIBRARIES = YES;
				CODE_SIGN_STYLE = Automatic;
				INFOPLIST_FILE = stockMatchUITests/Info.plist;
				LD_RUNPATH_SEARCH_PATHS = (
					"$(inherited)",
					"@executable_path/Frameworks",
					"@loader_path/Frameworks",
				);
				PRODUCT_BUNDLE_IDENTIFIER = com.yyp.www.stockMatchUITests;
				PRODUCT_NAME = "$(TARGET_NAME)";
				TARGETED_DEVICE_FAMILY = "1,2";
				TEST_TARGET_NAME = stockMatch;
			};
			name = Release;
		};
/* End XCBuildConfiguration section */

/* Begin XCConfigurationList section */
		C105AECB23016AAA00C6235E /* Build configuration list for PBXProject "stockMatch" */ = {
			isa = XCConfigurationList;
			buildConfigurations = (
				C105AEFA23016AAB00C6235E /* Debug */,
				C105AEFB23016AAB00C6235E /* Release */,
			);
			defaultConfigurationIsVisible = 0;
			defaultConfigurationName = Release;
		};
		C105AEFC23016AAB00C6235E /* Build configuration list for PBXNativeTarget "stockMatch" */ = {
			isa = XCConfigurationList;
			buildConfigurations = (
				C105AEFD23016AAB00C6235E /* Debug */,
				C105AEFE23016AAB00C6235E /* Release */,
			);
			defaultConfigurationIsVisible = 0;
			defaultConfigurationName = Release;
		};
		C105AEFF23016AAB00C6235E /* Build configuration list for PBXNativeTarget "stockMatchTests" */ = {
			isa = XCConfigurationList;
			buildConfigurations = (
				C105AF0023016AAB00C6235E /* Debug */,
				C105AF0123016AAB00C6235E /* Release */,
			);
			defaultConfigurationIsVisible = 0;
			defaultConfigurationName = Release;
		};
		C105AF0223016AAB00C6235E /* Build configuration list for PBXNativeTarget "stockMatchUITests" */ = {
			isa = XCConfigurationList;
			buildConfigurations = (
				C105AF0323016AAB00C6235E /* Debug */,
				C105AF0423016AAB00C6235E /* Release */,
			);
			defaultConfigurationIsVisible = 0;
			defaultConfigurationName = Release;
		};
/* End XCConfigurationList section */
	};
	rootObject = C105AEC823016AAA00C6235E /* Project object */;
}
